
Microsoft Visual Studio Solution File, Format Version 12.00
# Visual Studio 15
VisualStudioVersion = 15.0.28307.960
MinimumVisualStudioVersion = 10.0.40219.1
Project("{FAE04EC0-301F-11D3-BF4B-00C04F79EFBC}") = "GestioneDegliErrori", "GestioneDegliErrori\GestioneDegliErrori.csproj", "{90740767-D2BC-4BF3-AFEC-8BA01580EA56}"
EndProject
Project("{FAE04EC0-301F-11D3-BF4B-00C04F79EFBC}") = "Operazioni", "Operazioni\Operazioni.csproj", "{236BA830-EB7B-4EA1-9913-1ADFFC4B527F}"
EndProject
Global
	GlobalSection(SolutionConfigurationPlatforms) = preSolution
		Debug|Any CPU = Debug|Any CPU
		Release|Any CPU = Release|Any CPU
	EndGlobalSection
	GlobalSection(ProjectConfigurationPlatforms) = postSolution
		{90740767-D2BC-4BF3-AFEC-8BA01580EA56}.Debug|Any CPU.ActiveCfg = Debug|Any CPU
		{90740767-D2BC-4BF3-AFEC-8BA01580EA56}.Debug|Any CPU.Build.0 = Debug|Any CPU
		{90740767-D2BC-4BF3-AFEC-8BA01580EA56}.Release|Any CPU.ActiveCfg = Release|Any CPU
		{90740767-D2BC-4BF3-AFEC-8BA01580EA56}.Release|Any CPU.Build.0 = Release|Any CPU
		{236BA830-EB7B-4EA1-9913-1ADFFC4B527F}.Debug|Any CPU.ActiveCfg = Debug|Any CPU
		{236BA830-EB7B-4EA1-9913-1ADFFC4B527F}.Debug|Any CPU.Build.0 = Debug|Any CPU
		{236BA830-EB7B-4EA1-9913-1ADFFC4B527F}.Release|Any CPU.ActiveCfg = Release|Any CPU
		{236BA830-EB7B-4EA1-9913-1ADFFC4B527F}.Release|Any CPU.Build.0 = Release|Any CPU
	EndGlobalSection
	GlobalSection(SolutionProperties) = preSolution
		HideSolutionNode = FALSE
	EndGlobalSection
	GlobalSection(ExtensibilityGlobals) = postSolution
		SolutionGuid = {FE2BABFC-9F92-4B21-86F3-2D4EAD4CB2DA}
	EndGlobalSection
EndGlobal
